// !$*UTF8*$!
{
	archiveVersion = 1;
	classes = {
	};
	objectVersion = 50;
	objects = {

/* Begin PBXBuildFile section */
		15897BEC25DB5C6200E38BC3 /* Tests_iOS.swift in Sources */ = {isa = PBXBuildFile; fileRef = 15897BEB25DB5C6200E38BC3 /* Tests_iOS.swift */; };
		15897BF725DB5C6200E38BC3 /* Tests_macOS.swift in Sources */ = {isa = PBXBuildFile; fileRef = 15897BF625DB5C6200E38BC3 /* Tests_macOS.swift */; };
		15897BF925DB5C6200E38BC3 /* ios_appApp.swift in Sources */ = {isa = PBXBuildFile; fileRef = 15897BD025DB5C6100E38BC3 /* ios_appApp.swift */; };
		15897BFA25DB5C6200E38BC3 /* ios_appApp.swift in Sources */ = {isa = PBXBuildFile; fileRef = 15897BD025DB5C6100E38BC3 /* ios_appApp.swift */; };
		15897BFB25DB5C6200E38BC3 /* ContentView.swift in Sources */ = {isa = PBXBuildFile; fileRef = 15897BD125DB5C6100E38BC3 /* ContentView.swift */; };
		15897BFC25DB5C6200E38BC3 /* ContentView.swift in Sources */ = {isa = PBXBuildFile; fileRef = 15897BD125DB5C6100E38BC3 /* ContentView.swift */; };
		15897BFD25DB5C6200E38BC3 /* Assets.xcassets in Resources */ = {isa = PBXBuildFile; fileRef = 15897BD225DB5C6200E38BC3 /* Assets.xcassets */; };
		15897BFE25DB5C6200E38BC3 /* Assets.xcassets in Resources */ = {isa = PBXBuildFile; fileRef = 15897BD225DB5C6200E38BC3 /* Assets.xcassets */; };
/* End PBXBuildFile section */

/* Begin PBXContainerItemProxy section */
		15897BE825DB5C6200E38BC3 /* PBXContainerItemProxy */ = {
			isa = PBXContainerItemProxy;
			containerPortal = 15897BCB25DB5C6000E38BC3 /* Project object */;
			proxyType = 1;
			remoteGlobalIDString = 15897BD625DB5C6200E38BC3;
			remoteInfo = "ios-app (iOS)";
		};
		15897BF325DB5C6200E38BC3 /* PBXContainerItemProxy */ = {
			isa = PBXContainerItemProxy;
			containerPortal = 15897BCB25DB5C6000E38BC3 /* Project object */;
			proxyType = 1;
			remoteGlobalIDString = 15897BDE25DB5C6200E38BC3;
			remoteInfo = "ios-app (macOS)";
		};
/* End PBXContainerItemProxy section */

/* Begin PBXFileReference section */
		15897BD025DB5C6100E38BC3 /* ios_appApp.swift */ = {isa = PBXFileReference; lastKnownFileType = sourcecode.swift; path = ios_appApp.swift; sourceTree = "<group>"; };
		15897BD125DB5C6100E38BC3 /* ContentView.swift */ = {isa = PBXFileReference; lastKnownFileType = sourcecode.swift; path = ContentView.swift; sourceTree = "<group>"; };
		15897BD225DB5C6200E38BC3 /* Assets.xcassets */ = {isa = PBXFileReference; lastKnownFileType = folder.assetcatalog; path = Assets.xcassets; sourceTree = "<group>"; };
		15897BD725DB5C6200E38BC3 /* ios-app.app */ = {isa = PBXFileReference; explicitFileType = wrapper.application; includeInIndex = 0; path = "ios-app.app"; sourceTree = BUILT_PRODUCTS_DIR; };
		15897BDA25DB5C6200E38BC3 /* Info.plist */ = {isa = PBXFileReference; lastKnownFileType = text.plist.xml; path = Info.plist; sourceTree = "<group>"; };
		15897BDF25DB5C6200E38BC3 /* ios-app.app */ = {isa = PBXFileReference; explicitFileType = wrapper.application; includeInIndex = 0; path = "ios-app.app"; sourceTree = BUILT_PRODUCTS_DIR; };
		15897BE125DB5C6200E38BC3 /* Info.plist */ = {isa = PBXFileReference; lastKnownFileType = text.plist.xml; path = Info.plist; sourceTree = "<group>"; };
		15897BE225DB5C6200E38BC3 /* macOS.entitlements */ = {isa = PBXFileReference; lastKnownFileType = text.plist.entitlements; path = macOS.entitlements; sourceTree = "<group>"; };
		15897BE725DB5C6200E38BC3 /* Tests iOS.xctest */ = {isa = PBXFileReference; explicitFileType = wrapper.cfbundle; includeInIndex = 0; path = "Tests iOS.xctest"; sourceTree = BUILT_PRODUCTS_DIR; };
		15897BEB25DB5C6200E38BC3 /* Tests_iOS.swift */ = {isa = PBXFileReference; lastKnownFileType = sourcecode.swift; path = Tests_iOS.swift; sourceTree = "<group>"; };
		15897BED25DB5C6200E38BC3 /* Info.plist */ = {isa = PBXFileReference; lastKnownFileType = text.plist.xml; path = Info.plist; sourceTree = "<group>"; };
		15897BF225DB5C6200E38BC3 /* Tests macOS.xctest */ = {isa = PBXFileReference; explicitFileType = wrapper.cfbundle; includeInIndex = 0; path = "Tests macOS.xctest"; sourceTree = BUILT_PRODUCTS_DIR; };
		15897BF625DB5C6200E38BC3 /* Tests_macOS.swift */ = {isa = PBXFileReference; lastKnownFileType = sourcecode.swift; path = Tests_macOS.swift; sourceTree = "<group>"; };
		15897BF825DB5C6200E38BC3 /* Info.plist */ = {isa = PBXFileReference; lastKnownFileType = text.plist.xml; path = Info.plist; sourceTree = "<group>"; };
/* End PBXFileReference section */

/* Begin PBXFrameworksBuildPhase section */
		15897BD425DB5C6200E38BC3 /* Frameworks */ = {
			isa = PBXFrameworksBuildPhase;
			buildActionMask = 2147483647;
			files = (
			);
			runOnlyForDeploymentPostprocessing = 0;
		};
		15897BDC25DB5C6200E38BC3 /* Frameworks */ = {
			isa = PBXFrameworksBuildPhase;
			buildActionMask = 2147483647;
			files = (
			);
			runOnlyForDeploymentPostprocessing = 0;
		};
		15897BE425DB5C6200E38BC3 /* Frameworks */ = {
			isa = PBXFrameworksBuildPhase;
			buildActionMask = 2147483647;
			files = (
			);
			runOnlyForDeploymentPostprocessing = 0;
		};
		15897BEF25DB5C6200E38BC3 /* Frameworks */ = {
			isa = PBXFrameworksBuildPhase;
			buildActionMask = 2147483647;
			files = (
			);
			runOnlyForDeploymentPostprocessing = 0;
		};
/* End PBXFrameworksBuildPhase section */

/* Begin PBXGroup section */
		15897BCA25DB5C6000E38BC3 = {
			isa = PBXGroup;
			children = (
				15897BCF25DB5C6100E38BC3 /* Shared */,
				15897BD925DB5C6200E38BC3 /* iOS */,
				15897BE025DB5C6200E38BC3 /* macOS */,
				15897BEA25DB5C6200E38BC3 /* Tests iOS */,
				15897BF525DB5C6200E38BC3 /* Tests macOS */,
				15897BD825DB5C6200E38BC3 /* Products */,
			);
			sourceTree = "<group>";
		};
		15897BCF25DB5C6100E38BC3 /* Shared */ = {
			isa = PBXGroup;
			children = (
				15897BD025DB5C6100E38BC3 /* ios_appApp.swift */,
				15897BD125DB5C6100E38BC3 /* ContentView.swift */,
				15897BD225DB5C6200E38BC3 /* Assets.xcassets */,
			);
			path = Shared;
			sourceTree = "<group>";
		};
		15897BD825DB5C6200E38BC3 /* Products */ = {
			isa = PBXGroup;
			children = (
				15897BD725DB5C6200E38BC3 /* ios-app.app */,
				15897BDF25DB5C6200E38BC3 /* ios-app.app */,
				15897BE725DB5C6200E38BC3 /* Tests iOS.xctest */,
				15897BF225DB5C6200E38BC3 /* Tests macOS.xctest */,
			);
			name = Products;
			sourceTree = "<group>";
		};
		15897BD925DB5C6200E38BC3 /* iOS */ = {
			isa = PBXGroup;
			children = (
				15897BDA25DB5C6200E38BC3 /* Info.plist */,
			);
			path = iOS;
			sourceTree = "<group>";
		};
		15897BE025DB5C6200E38BC3 /* macOS */ = {
			isa = PBXGroup;
			children = (
				15897BE125DB5C6200E38BC3 /* Info.plist */,
				15897BE225DB5C6200E38BC3 /* macOS.entitlements */,
			);
			path = macOS;
			sourceTree = "<group>";
		};
		15897BEA25DB5C6200E38BC3 /* Tests iOS */ = {
			isa = PBXGroup;
			children = (
				15897BEB25DB5C6200E38BC3 /* Tests_iOS.swift */,
				15897BED25DB5C6200E38BC3 /* Info.plist */,
			);
			path = "Tests iOS";
			sourceTree = "<group>";
		};
		15897BF525DB5C6200E38BC3 /* Tests macOS */ = {
			isa = PBXGroup;
			children = (
				15897BF625DB5C6200E38BC3 /* Tests_macOS.swift */,
				15897BF825DB5C6200E38BC3 /* Info.plist */,
			);
			path = "Tests macOS";
			sourceTree = "<group>";
		};
/* End PBXGroup section */

/* Begin PBXNativeTarget section */
		15897BD625DB5C6200E38BC3 /* ios-app (iOS) */ = {
			isa = PBXNativeTarget;
			buildConfigurationList = 15897C0125DB5C6200E38BC3 /* Build configuration list for PBXNativeTarget "ios-app (iOS)" */;
			buildPhases = (
				15897BD325DB5C6200E38BC3 /* Sources */,
				15897BD425DB5C6200E38BC3 /* Frameworks */,
				15897BD525DB5C6200E38BC3 /* Resources */,
			);
			buildRules = (
			);
			dependencies = (
			);
			name = "ios-app (iOS)";
			productName = "ios-app (iOS)";
			productReference = 15897BD725DB5C6200E38BC3 /* ios-app.app */;
			productType = "com.apple.product-type.application";
		};
		15897BDE25DB5C6200E38BC3 /* ios-app (macOS) */ = {
			isa = PBXNativeTarget;
			buildConfigurationList = 15897C0425DB5C6200E38BC3 /* Build configuration list for PBXNativeTarget "ios-app (macOS)" */;
			buildPhases = (
				15897BDB25DB5C6200E38BC3 /* Sources */,
				15897BDC25DB5C6200E38BC3 /* Frameworks */,
				15897BDD25DB5C6200E38BC3 /* Resources */,
			);
			buildRules = (
			);
			dependencies = (
			);
			name = "ios-app (macOS)";
			productName = "ios-app (macOS)";
			productReference = 15897BDF25DB5C6200E38BC3 /* ios-app.app */;
			productType = "com.apple.product-type.application";
		};
		15897BE625DB5C6200E38BC3 /* Tests iOS */ = {
			isa = PBXNativeTarget;
			buildConfigurationList = 15897C0725DB5C6200E38BC3 /* Build configuration list for PBXNativeTarget "Tests iOS" */;
			buildPhases = (
				15897BE325DB5C6200E38BC3 /* Sources */,
				15897BE425DB5C6200E38BC3 /* Frameworks */,
				15897BE525DB5C6200E38BC3 /* Resources */,
			);
			buildRules = (
			);
			dependencies = (
				15897BE925DB5C6200E38BC3 /* PBXTargetDependency */,
			);
			name = "Tests iOS";
			productName = "Tests iOS";
			productReference = 15897BE725DB5C6200E38BC3 /* Tests iOS.xctest */;
			productType = "com.apple.product-type.bundle.ui-testing";
		};
		15897BF125DB5C6200E38BC3 /* Tests macOS */ = {
			isa = PBXNativeTarget;
			buildConfigurationList = 15897C0A25DB5C6200E38BC3 /* Build configuration list for PBXNativeTarget "Tests macOS" */;
			buildPhases = (
				15897BEE25DB5C6200E38BC3 /* Sources */,
				15897BEF25DB5C6200E38BC3 /* Frameworks */,
				15897BF025DB5C6200E38BC3 /* Resources */,
			);
			buildRules = (
			);
			dependencies = (
				15897BF425DB5C6200E38BC3 /* PBXTargetDependency */,
			);
			name = "Tests macOS";
			productName = "Tests macOS";
			productReference = 15897BF225DB5C6200E38BC3 /* Tests macOS.xctest */;
			productType = "com.apple.product-type.bundle.ui-testing";
		};
/* End PBXNativeTarget section */

/* Begin PBXProject section */
		15897BCB25DB5C6000E38BC3 /* Project object */ = {
			isa = PBXProject;
			attributes = {
				LastSwiftUpdateCheck = 1240;
				LastUpgradeCheck = 1240;
				TargetAttributes = {
					15897BD625DB5C6200E38BC3 = {
						CreatedOnToolsVersion = 12.4;
					};
					15897BDE25DB5C6200E38BC3 = {
						CreatedOnToolsVersion = 12.4;
					};
					15897BE625DB5C6200E38BC3 = {
						CreatedOnToolsVersion = 12.4;
						TestTargetID = 15897BD625DB5C6200E38BC3;
					};
					15897BF125DB5C6200E38BC3 = {
						CreatedOnToolsVersion = 12.4;
						TestTargetID = 15897BDE25DB5C6200E38BC3;
					};
				};
			};
			buildConfigurationList = 15897BCE25DB5C6000E38BC3 /* Build configuration list for PBXProject "ios-app" */;
			compatibilityVersion = "Xcode 9.3";
			developmentRegion = en;
			hasScannedForEncodings = 0;
			knownRegions = (
				en,
				Base,
			);
			mainGroup = 15897BCA25DB5C6000E38BC3;
			productRefGroup = 15897BD825DB5C6200E38BC3 /* Products */;
			projectDirPath = "";
			projectRoot = "";
			targets = (
				15897BD625DB5C6200E38BC3 /* ios-app (iOS) */,
				15897BDE25DB5C6200E38BC3 /* ios-app (macOS) */,
				15897BE625DB5C6200E38BC3 /* Tests iOS */,
				15897BF125DB5C6200E38BC3 /* Tests macOS */,
			);
		};
/* End PBXProject section */

/* Begin PBXResourcesBuildPhase section */
		15897BD525DB5C6200E38BC3 /* Resources */ = {
			isa = PBXResourcesBuildPhase;
			buildActionMask = 2147483647;
			files = (
				15897BFD25DB5C6200E38BC3 /* Assets.xcassets in Resources */,
			);
			runOnlyForDeploymentPostprocessing = 0;
		};
		15897BDD25DB5C6200E38BC3 /* Resources */ = {
			isa = PBXResourcesBuildPhase;
			buildActionMask = 2147483647;
			files = (
				15897BFE25DB5C6200E38BC3 /* Assets.xcassets in Resources */,
			);
			runOnlyForDeploymentPostprocessing = 0;
		};
		15897BE525DB5C6200E38BC3 /* Resources */ = {
			isa = PBXResourcesBuildPhase;
			buildActionMask = 2147483647;
			files = (
			);
			runOnlyForDeploymentPostprocessing = 0;
		};
		15897BF025DB5C6200E38BC3 /* Resources */ = {
			isa = PBXResourcesBuildPhase;
			buildActionMask = 2147483647;
			files = (
			);
			runOnlyForDeploymentPostprocessing = 0;
		};
/* End PBXResourcesBuildPhase section */

/* Begin PBXSourcesBuildPhase section */
		15897BD325DB5C6200E38BC3 /* Sources */ = {
			isa = PBXSourcesBuildPhase;
			buildActionMask = 2147483647;
			files = (
				15897BFB25DB5C6200E38BC3 /* ContentView.swift in Sources */,
				15897BF925DB5C6200E38BC3 /* ios_appApp.swift in Sources */,
			);
			runOnlyForDeploymentPostprocessing = 0;
		};
		15897BDB25DB5C6200E38BC3 /* Sources */ = {
			isa = PBXSourcesBuildPhase;
			buildActionMask = 2147483647;
			files = (
				15897BFC25DB5C6200E38BC3 /* ContentView.swift in Sources */,
				15897BFA25DB5C6200E38BC3 /* ios_appApp.swift in Sources */,
			);
			runOnlyForDeploymentPostprocessing = 0;
		};
		15897BE325DB5C6200E38BC3 /* Sources */ = {
			isa = PBXSourcesBuildPhase;
			buildActionMask = 2147483647;
			files = (
				15897BEC25DB5C6200E38BC3 /* Tests_iOS.swift in Sources */,
			);
			runOnlyForDeploymentPostprocessing = 0;
		};
		15897BEE25DB5C6200E38BC3 /* Sources */ = {
			isa = PBXSourcesBuildPhase;
			buildActionMask = 2147483647;
			files = (
				15897BF725DB5C6200E38BC3 /* Tests_macOS.swift in Sources */,
			);
			runOnlyForDeploymentPostprocessing = 0;
		};
/* End PBXSourcesBuildPhase section */

/* Begin PBXTargetDependency section */
		15897BE925DB5C6200E38BC3 /* PBXTargetDependency */ = {
			isa = PBXTargetDependency;
			target = 15897BD625DB5C6200E38BC3 /* ios-app (iOS) */;
			targetProxy = 15897BE825DB5C6200E38BC3 /* PBXContainerItemProxy */;
		};
		15897BF425DB5C6200E38BC3 /* PBXTargetDependency */ = {
			isa = PBXTargetDependency;
			target = 15897BDE25DB5C6200E38BC3 /* ios-app (macOS) */;
			targetProxy = 15897BF325DB5C6200E38BC3 /* PBXContainerItemProxy */;
		};
/* End PBXTargetDependency section */

/* Begin XCBuildConfiguration section */
		15897BFF25DB5C6200E38BC3 /* Debug */ = {
			isa = XCBuildConfiguration;
			buildSettings = {
				ALWAYS_SEARCH_USER_PATHS = NO;
				CLANG_ANALYZER_NONNULL = YES;
				CLANG_ANALYZER_NUMBER_OBJECT_CONVERSION = YES_AGGRESSIVE;
				CLANG_CXX_LANGUAGE_STANDARD = "gnu++14";
				CLANG_CXX_LIBRARY = "libc++";
				CLANG_ENABLE_MODULES = YES;
				CLANG_ENABLE_OBJC_ARC = YES;
				CLANG_ENABLE_OBJC_WEAK = YES;
				CLANG_WARN_BLOCK_CAPTURE_AUTORELEASING = YES;
				CLANG_WARN_BOOL_CONVERSION = YES;
				CLANG_WARN_COMMA = YES;
				CLANG_WARN_CONSTANT_CONVERSION = YES;
				CLANG_WARN_DEPRECATED_OBJC_IMPLEMENTATIONS = YES;
				CLANG_WARN_DIRECT_OBJC_ISA_USAGE = YES_ERROR;
				CLANG_WARN_DOCUMENTATION_COMMENTS = YES;
				CLANG_WARN_EMPTY_BODY = YES;
				CLANG_WARN_ENUM_CONVERSION = YES;
				CLANG_WARN_INFINITE_RECURSION = YES;
				CLANG_WARN_INT_CONVERSION = YES;
				CLANG_WARN_NON_LITERAL_NULL_CONVERSION = YES;
				CLANG_WARN_OBJC_IMPLICIT_RETAIN_SELF = YES;
				CLANG_WARN_OBJC_LITERAL_CONVERSION = YES;
				CLANG_WARN_OBJC_ROOT_CLASS = YES_ERROR;
				CLANG_WARN_QUOTED_INCLUDE_IN_FRAMEWORK_HEADER = YES;
				CLANG_WARN_RANGE_LOOP_ANALYSIS = YES;
				CLANG_WARN_STRICT_PROTOTYPES = YES;
				CLANG_WARN_SUSPICIOUS_MOVE = YES;
				CLANG_WARN_UNGUARDED_AVAILABILITY = YES_AGGRESSIVE;
				CLANG_WARN_UNREACHABLE_CODE = YES;
				CLANG_WARN__DUPLICATE_METHOD_MATCH = YES;
				COPY_PHASE_STRIP = NO;
				DEBUG_INFORMATION_FORMAT = dwarf;
				ENABLE_STRICT_OBJC_MSGSEND = YES;
				ENABLE_TESTABILITY = YES;
				GCC_C_LANGUAGE_STANDARD = gnu11;
				GCC_DYNAMIC_NO_PIC = NO;
				GCC_NO_COMMON_BLOCKS = YES;
				GCC_OPTIMIZATION_LEVEL = 0;
				GCC_PREPROCESSOR_DEFINITIONS = (
					"DEBUG=1",
					"$(inherited)",
				);
				GCC_WARN_64_TO_32_BIT_CONVERSION = YES;
				GCC_WARN_ABOUT_RETURN_TYPE = YES_ERROR;
				GCC_WARN_UNDECLARED_SELECTOR = YES;
				GCC_WARN_UNINITIALIZED_AUTOS = YES_AGGRESSIVE;
				GCC_WARN_UNUSED_FUNCTION = YES;
				GCC_WARN_UNUSED_VARIABLE = YES;
				MTL_ENABLE_DEBUG_INFO = INCLUDE_SOURCE;
				MTL_FAST_MATH = YES;
				ONLY_ACTIVE_ARCH = YES;
				SWIFT_ACTIVE_COMPILATION_CONDITIONS = DEBUG;
				SWIFT_OPTIMIZATION_LEVEL = "-Onone";
			};
			name = Debug;
		};
		15897C0025DB5C6200E38BC3 /* Release */ = {
			isa = XCBuildConfiguration;
			buildSettings = {
				ALWAYS_SEARCH_USER_PATHS = NO;
				CLANG_ANALYZER_NONNULL = YES;
				CLANG_ANALYZER_NUMBER_OBJECT_CONVERSION = YES_AGGRESSIVE;
				CLANG_CXX_LANGUAGE_STANDARD = "gnu++14";
				CLANG_CXX_LIBRARY = "libc++";
				CLANG_ENABLE_MODULES = YES;
				CLANG_ENABLE_OBJC_ARC = YES;
				CLANG_ENABLE_OBJC_WEAK = YES;
				CLANG_WARN_BLOCK_CAPTURE_AUTORELEASING = YES;
				CLANG_WARN_BOOL_CONVERSION = YES;
				CLANG_WARN_COMMA = YES;
				CLANG_WARN_CONSTANT_CONVERSION = YES;
				CLANG_WARN_DEPRECATED_OBJC_IMPLEMENTATIONS = YES;
				CLANG_WARN_DIRECT_OBJC_ISA_USAGE = YES_ERROR;
				CLANG_WARN_DOCUMENTATION_COMMENTS = YES;
				CLANG_WARN_EMPTY_BODY = YES;
				CLANG_WARN_ENUM_CONVERSION = YES;
				CLANG_WARN_INFINITE_RECURSION = YES;
				CLANG_WARN_INT_CONVERSION = YES;
				CLANG_WARN_NON_LITERAL_NULL_CONVERSION = YES;
				CLANG_WARN_OBJC_IMPLICIT_RETAIN_SELF = YES;
				CLANG_WARN_OBJC_LITERAL_CONVERSION = YES;
				CLANG_WARN_OBJC_ROOT_CLASS = YES_ERROR;
				CLANG_WARN_QUOTED_INCLUDE_IN_FRAMEWORK_HEADER = YES;
				CLANG_WARN_RANGE_LOOP_ANALYSIS = YES;
				CLANG_WARN_STRICT_PROTOTYPES = YES;
				CLANG_WARN_SUSPICIOUS_MOVE = YES;
				CLANG_WARN_UNGUARDED_AVAILABILITY = YES_AGGRESSIVE;
				CLANG_WARN_UNREACHABLE_CODE = YES;
				CLANG_WARN__DUPLICATE_METHOD_MATCH = YES;
				COPY_PHASE_STRIP = NO;
				DEBUG_INFORMATION_FORMAT = "dwarf-with-dsym";
				ENABLE_NS_ASSERTIONS = NO;
				ENABLE_STRICT_OBJC_MSGSEND = YES;
				GCC_C_LANGUAGE_STANDARD = gnu11;
				GCC_NO_COMMON_BLOCKS = YES;
				GCC_WARN_64_TO_32_BIT_CONVERSION = YES;
				GCC_WARN_ABOUT_RETURN_TYPE = YES_ERROR;
				GCC_WARN_UNDECLARED_SELECTOR = YES;
				GCC_WARN_UNINITIALIZED_AUTOS = YES_AGGRESSIVE;
				GCC_WARN_UNUSED_FUNCTION = YES;
				GCC_WARN_UNUSED_VARIABLE = YES;
				MTL_ENABLE_DEBUG_INFO = NO;
				MTL_FAST_MATH = YES;
				SWIFT_COMPILATION_MODE = wholemodule;
				SWIFT_OPTIMIZATION_LEVEL = "-O";
			};
			name = Release;
		};
		15897C0225DB5C6200E38BC3 /* Debug */ = {
			isa = XCBuildConfiguration;
			buildSettings = {
				ASSETCATALOG_COMPILER_APPICON_NAME = AppIcon;
				ASSETCATALOG_COMPILER_GLOBAL_ACCENT_COLOR_NAME = AccentColor;
				CODE_SIGN_STYLE = Automatic;
				ENABLE_PREVIEWS = YES;
				INFOPLIST_FILE = iOS/Info.plist;
				IPHONEOS_DEPLOYMENT_TARGET = 14.0;
				LD_RUNPATH_SEARCH_PATHS = (
					"$(inherited)",
					"@executable_path/Frameworks",
				);
				PRODUCT_BUNDLE_IDENTIFIER = "com.ios.app.ios-app";
				PRODUCT_NAME = "ios-app";
				SDKROOT = iphoneos;
				SWIFT_VERSION = 5.0;
				TARGETED_DEVICE_FAMILY = 1;
			};
			name = Debug;
		};
		15897C0325DB5C6200E38BC3 /* Release */ = {
			isa = XCBuildConfiguration;
			buildSettings = {
				ASSETCATALOG_COMPILER_APPICON_NAME = AppIcon;
				ASSETCATALOG_COMPILER_GLOBAL_ACCENT_COLOR_NAME = AccentColor;
				CODE_SIGN_STYLE = Automatic;
				ENABLE_PREVIEWS = YES;
				INFOPLIST_FILE = iOS/Info.plist;
				IPHONEOS_DEPLOYMENT_TARGET = 14.0;
				LD_RUNPATH_SEARCH_PATHS = (
					"$(inherited)",
					"@executable_path/Frameworks",
				);
				PRODUCT_BUNDLE_IDENTIFIER = "com.ios.app.ios-app";
				PRODUCT_NAME = "ios-app";
				SDKROOT = iphoneos;
				SWIFT_VERSION = 5.0;
				TARGETED_DEVICE_FAMILY = 1;
				VALIDATE_PRODUCT = YES;
			};
			name = Release;
		};
		15897C0525DB5C6200E38BC3 /* Debug */ = {
			isa = XCBuildConfiguration;
			buildSettings = {
				ASSETCATALOG_COMPILER_APPICON_NAME = AppIcon;
				ASSETCATALOG_COMPILER_GLOBAL_ACCENT_COLOR_NAME = AccentColor;
				CODE_SIGN_ENTITLEMENTS = macOS/macOS.entitlements;
				CODE_SIGN_STYLE = Automatic;
				COMBINE_HIDPI_IMAGES = YES;
				ENABLE_PREVIEWS = YES;
				INFOPLIST_FILE = macOS/Info.plist;
				LD_RUNPATH_SEARCH_PATHS = (
					"$(inherited)",
					"@executable_path/../Frameworks",
				);
				MACOSX_DEPLOYMENT_TARGET = 11.0;
				PRODUCT_BUNDLE_IDENTIFIER = "com.ios.app.ios-app";
				PRODUCT_NAME = "ios-app";
				SDKROOT = macosx;
				SWIFT_VERSION = 5.0;
			};
			name = Debug;
		};
		15897C0625DB5C6200E38BC3 /* Release */ = {
			isa = XCBuildConfiguration;
			buildSettings = {
				ASSETCATALOG_COMPILER_APPICON_NAME = AppIcon;
				ASSETCATALOG_COMPILER_GLOBAL_ACCENT_COLOR_NAME = AccentColor;
				CODE_SIGN_ENTITLEMENTS = macOS/macOS.entitlements;
				CODE_SIGN_STYLE = Automatic;
				COMBINE_HIDPI_IMAGES = YES;
				ENABLE_PREVIEWS = YES;
				INFOPLIST_FILE = macOS/Info.plist;
				LD_RUNPATH_SEARCH_PATHS = (
					"$(inherited)",
					"@executable_path/../Frameworks",
				);
				MACOSX_DEPLOYMENT_TARGET = 11.0;
				PRODUCT_BUNDLE_IDENTIFIER = "com.ios.app.ios-app";
				PRODUCT_NAME = "ios-app";
				SDKROOT = macosx;
				SWIFT_VERSION = 5.0;
			};
			name = Release;
		};
		15897C0825DB5C6200E38BC3 /* Debug */ = {
			isa = XCBuildConfiguration;
			buildSettings = {
				ALWAYS_EMBED_SWIFT_STANDARD_LIBRARIES = YES;
				CODE_SIGN_STYLE = Automatic;
				INFOPLIST_FILE = "Tests iOS/Info.plist";
				IPHONEOS_DEPLOYMENT_TARGET = 14.4;
				LD_RUNPATH_SEARCH_PATHS = (
					"$(inherited)",
					"@executable_path/Frameworks",
					"@loader_path/Frameworks",
				);
				PRODUCT_BUNDLE_IDENTIFIER = "com.ios.app.Tests-iOS";
				PRODUCT_NAME = "$(TARGET_NAME)";
				SDKROOT = iphoneos;
				SWIFT_VERSION = 5.0;
				TARGETED_DEVICE_FAMILY = "1,2";
				TEST_TARGET_NAME = "ios-app (iOS)";
			};
			name = Debug;
		};
		15897C0925DB5C6200E38BC3 /* Release */ = {
			isa = XCBuildConfiguration;
			buildSettings = {
				ALWAYS_EMBED_SWIFT_STANDARD_LIBRARIES = YES;
				CODE_SIGN_STYLE = Automatic;
				INFOPLIST_FILE = "Tests iOS/Info.plist";
				IPHONEOS_DEPLOYMENT_TARGET = 14.4;
				LD_RUNPATH_SEARCH_PATHS = (
					"$(inherited)",
					"@executable_path/Frameworks",
					"@loader_path/Frameworks",
				);
				PRODUCT_BUNDLE_IDENTIFIER = "com.ios.app.Tests-iOS";
				PRODUCT_NAME = "$(TARGET_NAME)";
				SDKROOT = iphoneos;
				SWIFT_VERSION = 5.0;
				TARGETED_DEVICE_FAMILY = "1,2";
				TEST_TARGET_NAME = "ios-app (iOS)";
				VALIDATE_PRODUCT = YES;
			};
			name = Release;
		};
		15897C0B25DB5C6200E38BC3 /* Debug */ = {
			isa = XCBuildConfiguration;
			buildSettings = {
				ALWAYS_EMBED_SWIFT_STANDARD_LIBRARIES = YES;
				CODE_SIGN_STYLE = Automatic;
				COMBINE_HIDPI_IMAGES = YES;
				INFOPLIST_FILE = "Tests macOS/Info.plist";
				LD_RUNPATH_SEARCH_PATHS = (
					"$(inherited)",
					"@executable_path/../Frameworks",
					"@loader_path/../Frameworks",
				);
				MACOSX_DEPLOYMENT_TARGET = 10.15;
				PRODUCT_BUNDLE_IDENTIFIER = "com.ios.app.Tests-macOS";
				PRODUCT_NAME = "$(TARGET_NAME)";
				SDKROOT = macosx;
				SWIFT_VERSION = 5.0;
				TEST_TARGET_NAME = "ios-app (macOS)";
			};
			name = Debug;
		};
		15897C0C25DB5C6200E38BC3 /* Release */ = {
			isa = XCBuildConfiguration;
			buildSettings = {
				ALWAYS_EMBED_SWIFT_STANDARD_LIBRARIES = YES;
				CODE_SIGN_STYLE = Automatic;
				COMBINE_HIDPI_IMAGES = YES;
				INFOPLIST_FILE = "Tests macOS/Info.plist";
				LD_RUNPATH_SEARCH_PATHS = (
					"$(inherited)",
					"@executable_path/../Frameworks",
					"@loader_path/../Frameworks",
				);
				MACOSX_DEPLOYMENT_TARGET = 10.15;
				PRODUCT_BUNDLE_IDENTIFIER = "com.ios.app.Tests-macOS";
				PRODUCT_NAME = "$(TARGET_NAME)";
				SDKROOT = macosx;
				SWIFT_VERSION = 5.0;
				TEST_TARGET_NAME = "ios-app (macOS)";
			};
			name = Release;
		};
/* End XCBuildConfiguration section */

/* Begin XCConfigurationList section */
		15897BCE25DB5C6000E38BC3 /* Build configuration list for PBXProject "ios-app" */ = {
			isa = XCConfigurationList;
			buildConfigurations = (
				15897BFF25DB5C6200E38BC3 /* Debug */,
				15897C0025DB5C6200E38BC3 /* Release */,
			);
			defaultConfigurationIsVisible = 0;
			defaultConfigurationName = Release;
		};
		15897C0125DB5C6200E38BC3 /* Build configuration list for PBXNativeTarget "ios-app (iOS)" */ = {
			isa = XCConfigurationList;
			buildConfigurations = (
				15897C0225DB5C6200E38BC3 /* Debug */,
				15897C0325DB5C6200E38BC3 /* Release */,
			);
			defaultConfigurationIsVisible = 0;
			defaultConfigurationName = Release;
		};
		15897C0425DB5C6200E38BC3 /* Build configuration list for PBXNativeTarget "ios-app (macOS)" */ = {
			isa = XCConfigurationList;
			buildConfigurations = (
				15897C0525DB5C6200E38BC3 /* Debug */,
				15897C0625DB5C6200E38BC3 /* Release */,
			);
			defaultConfigurationIsVisible = 0;
			defaultConfigurationName = Release;
		};
		15897C0725DB5C6200E38BC3 /* Build configuration list for PBXNativeTarget "Tests iOS" */ = {
			isa = XCConfigurationList;
			buildConfigurations = (
				15897C0825DB5C6200E38BC3 /* Debug */,
				15897C0925DB5C6200E38BC3 /* Release */,
			);
			defaultConfigurationIsVisible = 0;
			defaultConfigurationName = Release;
		};
		15897C0A25DB5C6200E38BC3 /* Build configuration list for PBXNativeTarget "Tests macOS" */ = {
			isa = XCConfigurationList;
			buildConfigurations = (
				15897C0B25DB5C6200E38BC3 /* Debug */,
				15897C0C25DB5C6200E38BC3 /* Release */,
			);
			defaultConfigurationIsVisible = 0;
			defaultConfigurationName = Release;
		};
/* End XCConfigurationList section */
	};
	rootObject = 15897BCB25DB5C6000E38BC3 /* Project object */;
}
